
Microsoft Visual Studio Solution File, Format Version 12.00
# Visual Studio Version 17
VisualStudioVersion = 17.11.35208.52
MinimumVisualStudioVersion = 10.0.40219.1
Project("{FAE04EC0-301F-11D3-BF4B-00C04F79EFBC}") = "DockerCompose", "DockerCompose\DockerCompose.csproj", "{8479CCA6-55F0-43B2-B649-F2CB80D35406}"
EndProject
Project("{E53339B2-1760-4266-BCC7-CA923CBCF16C}") = "docker-compose", "docker-compose.dcproj", "{45BD7DCE-564C-4F8F-B454-83EBECAF9107}"
EndProject
Global
	GlobalSection(SolutionConfigurationPlatforms) = preSolution
		Debug|Any CPU = Debug|Any CPU
		Release|Any CPU = Release|Any CPU
	EndGlobalSection
	GlobalSection(ProjectConfigurationPlatforms) = postSolution
		{8479CCA6-55F0-43B2-B649-F2CB80D35406}.Debug|Any CPU.ActiveCfg = Debug|Any CPU
		{8479CCA6-55F0-43B2-B649-F2CB80D35406}.Debug|Any CPU.Build.0 = Debug|Any CPU
		{8479CCA6-55F0-43B2-B649-F2CB80D35406}.Release|Any CPU.ActiveCfg = Release|Any CPU
		{8479CCA6-55F0-43B2-B649-F2CB80D35406}.Release|Any CPU.Build.0 = Release|Any CPU
		{45BD7DCE-564C-4F8F-B454-83EBECAF9107}.Debug|Any CPU.ActiveCfg = Debug|Any CPU
		{45BD7DCE-564C-4F8F-B454-83EBECAF9107}.Debug|Any CPU.Build.0 = Debug|Any CPU
		{45BD7DCE-564C-4F8F-B454-83EBECAF9107}.Release|Any CPU.ActiveCfg = Release|Any CPU
		{45BD7DCE-564C-4F8F-B454-83EBECAF9107}.Release|Any CPU.Build.0 = Release|Any CPU
	EndGlobalSection
	GlobalSection(SolutionProperties) = preSolution
		HideSolutionNode = FALSE
	EndGlobalSection
	GlobalSection(ExtensibilityGlobals) = postSolution
		SolutionGuid = {45ABF862-854F-48F7-AB65-941E29D38031}
	EndGlobalSection
EndGlobal
